
Microsoft Visual Studio Solution File, Format Version 12.00
# Visual Studio 15
VisualStudioVersion = 15.0.28307.902
MinimumVisualStudioVersion = 10.0.40219.1
Project("{FAE04EC0-301F-11D3-BF4B-00C04F79EFBC}") = "Tarea Feb21", "Tarea Feb21\Tarea Feb21.csproj", "{DB53EF76-D7F4-42FE-A7A0-337650EA94B0}"
EndProject
Global
	GlobalSection(SolutionConfigurationPlatforms) = preSolution
		Debug|Any CPU = Debug|Any CPU
		Release|Any CPU = Release|Any CPU
	EndGlobalSection
	GlobalSection(ProjectConfigurationPlatforms) = postSolution
		{DB53EF76-D7F4-42FE-A7A0-337650EA94B0}.Debug|Any CPU.ActiveCfg = Debug|Any CPU
		{DB53EF76-D7F4-42FE-A7A0-337650EA94B0}.Debug|Any CPU.Build.0 = Debug|Any CPU
		{DB53EF76-D7F4-42FE-A7A0-337650EA94B0}.Release|Any CPU.ActiveCfg = Release|Any CPU
		{DB53EF76-D7F4-42FE-A7A0-337650EA94B0}.Release|Any CPU.Build.0 = Release|Any CPU
	EndGlobalSection
	GlobalSection(SolutionProperties) = preSolution
		HideSolutionNode = FALSE
	EndGlobalSection
	GlobalSection(ExtensibilityGlobals) = postSolution
		SolutionGuid = {C573EB0B-C18A-456C-85A1-9578F50DE41D}
	EndGlobalSection
EndGlobal
