
Microsoft Visual Studio Solution File, Format Version 12.00
# Visual Studio Version 16
VisualStudioVersion = 16.0.29709.97
MinimumVisualStudioVersion = 10.0.40219.1
Project("{FAE04EC0-301F-11D3-BF4B-00C04F79EFBC}") = "Tarea 3 punto 1", "Tarea 3 punto 1\Tarea 3 punto 1.csproj", "{8EDA262A-6F10-4CF1-8283-57DF650FF17F}"
EndProject
Global
	GlobalSection(SolutionConfigurationPlatforms) = preSolution
		Debug|Any CPU = Debug|Any CPU
		Release|Any CPU = Release|Any CPU
	EndGlobalSection
	GlobalSection(ProjectConfigurationPlatforms) = postSolution
		{8EDA262A-6F10-4CF1-8283-57DF650FF17F}.Debug|Any CPU.ActiveCfg = Debug|Any CPU
		{8EDA262A-6F10-4CF1-8283-57DF650FF17F}.Debug|Any CPU.Build.0 = Debug|Any CPU
		{8EDA262A-6F10-4CF1-8283-57DF650FF17F}.Release|Any CPU.ActiveCfg = Release|Any CPU
		{8EDA262A-6F10-4CF1-8283-57DF650FF17F}.Release|Any CPU.Build.0 = Release|Any CPU
	EndGlobalSection
	GlobalSection(SolutionProperties) = preSolution
		HideSolutionNode = FALSE
	EndGlobalSection
	GlobalSection(ExtensibilityGlobals) = postSolution
		SolutionGuid = {2F77B606-3AC0-4BC4-94D1-68B40A317AFD}
	EndGlobalSection
EndGlobal
