
Microsoft Visual Studio Solution File, Format Version 12.00
# Visual Studio Version 16
VisualStudioVersion = 16.0.29709.97
MinimumVisualStudioVersion = 10.0.40219.1
Project("{FAE04EC0-301F-11D3-BF4B-00C04F79EFBC}") = "ConsoleApp1", "ConsoleApp1.csproj", "{4D633A7E-51E2-4963-8814-0919E31D0D93}"
EndProject
Global
	GlobalSection(SolutionConfigurationPlatforms) = preSolution
		Debug|Any CPU = Debug|Any CPU
		Release|Any CPU = Release|Any CPU
	EndGlobalSection
	GlobalSection(ProjectConfigurationPlatforms) = postSolution
		{4D633A7E-51E2-4963-8814-0919E31D0D93}.Debug|Any CPU.ActiveCfg = Debug|Any CPU
		{4D633A7E-51E2-4963-8814-0919E31D0D93}.Debug|Any CPU.Build.0 = Debug|Any CPU
		{4D633A7E-51E2-4963-8814-0919E31D0D93}.Release|Any CPU.ActiveCfg = Release|Any CPU
		{4D633A7E-51E2-4963-8814-0919E31D0D93}.Release|Any CPU.Build.0 = Release|Any CPU
	EndGlobalSection
	GlobalSection(SolutionProperties) = preSolution
		HideSolutionNode = FALSE
	EndGlobalSection
	GlobalSection(ExtensibilityGlobals) = postSolution
		SolutionGuid = {120C2E1E-E181-4701-8B9E-758F45CAD50F}
	EndGlobalSection
EndGlobal
